
Microsoft Visual Studio Solution File, Format Version 12.00
# Visual Studio Version 17
VisualStudioVersion = 17.2.32616.157
MinimumVisualStudioVersion = 10.0.40219.1
Project("{FAE04EC0-301F-11D3-BF4B-00C04F79EFBC}") = "CadastroUXComex", "CadastroUXComex\CadastroUXComex.csproj", "{458BCBC3-B8A3-44F1-A677-5636BED12B37}"
EndProject
Global
	GlobalSection(SolutionConfigurationPlatforms) = preSolution
		Debug|Any CPU = Debug|Any CPU
		Release|Any CPU = Release|Any CPU
	EndGlobalSection
	GlobalSection(ProjectConfigurationPlatforms) = postSolution
		{458BCBC3-B8A3-44F1-A677-5636BED12B37}.Debug|Any CPU.ActiveCfg = Debug|Any CPU
		{458BCBC3-B8A3-44F1-A677-5636BED12B37}.Debug|Any CPU.Build.0 = Debug|Any CPU
		{458BCBC3-B8A3-44F1-A677-5636BED12B37}.Release|Any CPU.ActiveCfg = Release|Any CPU
		{458BCBC3-B8A3-44F1-A677-5636BED12B37}.Release|Any CPU.Build.0 = Release|Any CPU
	EndGlobalSection
	GlobalSection(SolutionProperties) = preSolution
		HideSolutionNode = FALSE
	EndGlobalSection
	GlobalSection(ExtensibilityGlobals) = postSolution
		SolutionGuid = {C0B63863-81B6-4C5F-9E45-B2F18C4AE1C2}
	EndGlobalSection
EndGlobal
